{
  "version": 4,
  "terraform_version": "1.6.5",
  "serial": 9,
  "lineage": "1dea8ea7-126a-e2c1-704d-409b1db84333",
  "outputs": {},
  "resources": [
    {
      "mode": "managed",
      "type": "azurerm_application_insights",
      "name": "products_service_fa",
      "provider": "provider[\"registry.terraform.io/hashicorp/azurerm\"]",
      "instances": [
        {
          "schema_version": 1,
          "attributes": {
            "app_id": "f8bfc6cf-b7ca-4b89-ad51-cbed679954c2",
            "application_type": "web",
            "connection_string": "InstrumentationKey=0c96589f-092d-4c94-a969-483f0dbc2b94;IngestionEndpoint=https://northeurope-3.in.applicationinsights.azure.com/;LiveEndpoint=https://northeurope.livediagnostics.monitor.azure.com/",
            "daily_data_cap_in_gb": 100,
            "daily_data_cap_notifications_disabled": false,
            "disable_ip_masking": false,
            "force_customer_storage_for_profiler": false,
            "id": "/subscriptions/2506bd34-18c8-4cc7-80b8-83a108727ddc/resourceGroups/rg-product-service-sand-ne-001/providers/Microsoft.Insights/components/appins-fa-products-service-sand-ne-001",
            "instrumentation_key": "0c96589f-092d-4c94-a969-483f0dbc2b94",
            "internet_ingestion_enabled": true,
            "internet_query_enabled": true,
            "local_authentication_disabled": false,
            "location": "northeurope",
            "name": "appins-fa-products-service-sand-ne-001",
            "resource_group_name": "rg-product-service-sand-ne-001",
            "retention_in_days": 90,
            "sampling_percentage": 100,
            "tags": {},
            "timeouts": null,
            "workspace_id": null
          },
          "sensitive_attributes": [],
          "private": "eyJlMmJmYjczMC1lY2FhLTExZTYtOGY4OC0zNDM2M2JjN2M0YzAiOnsiY3JlYXRlIjozNjAwMDAwMDAwMDAwLCJkZWxldGUiOjE4MDAwMDAwMDAwMDAsInJlYWQiOjMwMDAwMDAwMDAwMCwidXBkYXRlIjoxODAwMDAwMDAwMDAwfSwic2NoZW1hX3ZlcnNpb24iOiIxIn0=",
          "dependencies": [
            "azurerm_resource_group.product_service_rg"
          ]
        }
      ]
    },
    {
      "mode": "managed",
      "type": "azurerm_resource_group",
      "name": "product_service_rg",
      "provider": "provider[\"registry.terraform.io/hashicorp/azurerm\"]",
      "instances": [
        {
          "schema_version": 0,
          "attributes": {
            "id": "/subscriptions/2506bd34-18c8-4cc7-80b8-83a108727ddc/resourceGroups/rg-product-service-sand-ne-001",
            "location": "northeurope",
            "name": "rg-product-service-sand-ne-001",
            "tags": {},
            "timeouts": null
          },
          "sensitive_attributes": [],
          "private": "eyJlMmJmYjczMC1lY2FhLTExZTYtOGY4OC0zNDM2M2JjN2M0YzAiOnsiY3JlYXRlIjo1NDAwMDAwMDAwMDAwLCJkZWxldGUiOjU0MDAwMDAwMDAwMDAsInJlYWQiOjMwMDAwMDAwMDAwMCwidXBkYXRlIjo1NDAwMDAwMDAwMDAwfX0="
        }
      ]
    },
    {
      "mode": "managed",
      "type": "azurerm_service_plan",
      "name": "product_service_plan",
      "provider": "provider[\"registry.terraform.io/hashicorp/azurerm\"]",
      "instances": [
        {
          "schema_version": 0,
          "attributes": {
            "app_service_environment_id": "",
            "id": "/subscriptions/2506bd34-18c8-4cc7-80b8-83a108727ddc/resourceGroups/rg-product-service-sand-ne-001/providers/Microsoft.Web/serverfarms/asp-product-service-sand-ne-001",
            "kind": "functionapp",
            "location": "northeurope",
            "maximum_elastic_worker_count": 1,
            "name": "asp-product-service-sand-ne-001",
            "os_type": "Windows",
            "per_site_scaling_enabled": false,
            "reserved": false,
            "resource_group_name": "rg-product-service-sand-ne-001",
            "sku_name": "Y1",
            "tags": {},
            "timeouts": null,
            "worker_count": 0
          },
          "sensitive_attributes": [],
          "private": "eyJlMmJmYjczMC1lY2FhLTExZTYtOGY4OC0zNDM2M2JjN2M0YzAiOnsiY3JlYXRlIjozNjAwMDAwMDAwMDAwLCJkZWxldGUiOjM2MDAwMDAwMDAwMDAsInJlYWQiOjMwMDAwMDAwMDAwMCwidXBkYXRlIjozNjAwMDAwMDAwMDAwfX0=",
          "dependencies": [
            "azurerm_resource_group.product_service_rg"
          ]
        }
      ]
    },
    {
      "mode": "managed",
      "type": "azurerm_storage_account",
      "name": "products_service_fa",
      "provider": "provider[\"registry.terraform.io/hashicorp/azurerm\"]",
      "instances": [
        {
          "schema_version": 3,
          "attributes": {
            "access_tier": "Hot",
            "account_kind": "StorageV2",
            "account_replication_type": "LRS",
            "account_tier": "Standard",
            "allow_nested_items_to_be_public": true,
            "azure_files_authentication": [],
            "blob_properties": [
              {
                "change_feed_enabled": false,
                "container_delete_retention_policy": [],
                "cors_rule": [],
                "default_service_version": "",
                "delete_retention_policy": [],
                "last_access_time_enabled": false,
                "versioning_enabled": false
              }
            ],
            "custom_domain": [],
            "customer_managed_key": [],
            "edge_zone": "",
            "enable_https_traffic_only": true,
            "id": "/subscriptions/2506bd34-18c8-4cc7-80b8-83a108727ddc/resourceGroups/rg-product-service-sand-ne-001/providers/Microsoft.Storage/storageAccounts/stgsangproductsfanecsr",
            "identity": [],
            "infrastructure_encryption_enabled": false,
            "is_hns_enabled": false,
            "large_file_share_enabled": null,
            "location": "northeurope",
            "min_tls_version": "TLS1_2",
            "name": "stgsangproductsfanecsr",
            "network_rules": [
              {
                "bypass": [
                  "AzureServices"
                ],
                "default_action": "Allow",
                "ip_rules": [],
                "private_link_access": [],
                "virtual_network_subnet_ids": []
              }
            ],
            "nfsv3_enabled": false,
            "primary_access_key": "GhYEYs4CZw/n/j4+VM9D0CF7hNOrlS5ot1JVF00lTRjCOkLjDNEgzko1ffyK/r8KOQHVCG3OQbrJ+AStlYCh9g==",
            "primary_blob_connection_string": "DefaultEndpointsProtocol=https;BlobEndpoint=https://stgsangproductsfanecsr.blob.core.windows.net/;AccountName=stgsangproductsfanecsr;AccountKey=GhYEYs4CZw/n/j4+VM9D0CF7hNOrlS5ot1JVF00lTRjCOkLjDNEgzko1ffyK/r8KOQHVCG3OQbrJ+AStlYCh9g==",
            "primary_blob_endpoint": "https://stgsangproductsfanecsr.blob.core.windows.net/",
            "primary_blob_host": "stgsangproductsfanecsr.blob.core.windows.net",
            "primary_connection_string": "DefaultEndpointsProtocol=https;AccountName=stgsangproductsfanecsr;AccountKey=GhYEYs4CZw/n/j4+VM9D0CF7hNOrlS5ot1JVF00lTRjCOkLjDNEgzko1ffyK/r8KOQHVCG3OQbrJ+AStlYCh9g==;EndpointSuffix=core.windows.net",
            "primary_dfs_endpoint": "https://stgsangproductsfanecsr.dfs.core.windows.net/",
            "primary_dfs_host": "stgsangproductsfanecsr.dfs.core.windows.net",
            "primary_file_endpoint": "https://stgsangproductsfanecsr.file.core.windows.net/",
            "primary_file_host": "stgsangproductsfanecsr.file.core.windows.net",
            "primary_location": "northeurope",
            "primary_queue_endpoint": "https://stgsangproductsfanecsr.queue.core.windows.net/",
            "primary_queue_host": "stgsangproductsfanecsr.queue.core.windows.net",
            "primary_table_endpoint": "https://stgsangproductsfanecsr.table.core.windows.net/",
            "primary_table_host": "stgsangproductsfanecsr.table.core.windows.net",
            "primary_web_endpoint": "https://stgsangproductsfanecsr.z16.web.core.windows.net/",
            "primary_web_host": "stgsangproductsfanecsr.z16.web.core.windows.net",
            "queue_encryption_key_type": "Service",
            "queue_properties": [
              {
                "cors_rule": [],
                "hour_metrics": [
                  {
                    "enabled": true,
                    "include_apis": true,
                    "retention_policy_days": 7,
                    "version": "1.0"
                  }
                ],
                "logging": [
                  {
                    "delete": false,
                    "read": false,
                    "retention_policy_days": 0,
                    "version": "1.0",
                    "write": false
                  }
                ],
                "minute_metrics": [
                  {
                    "enabled": false,
                    "include_apis": false,
                    "retention_policy_days": 0,
                    "version": "1.0"
                  }
                ]
              }
            ],
            "resource_group_name": "rg-product-service-sand-ne-001",
            "routing": [],
            "secondary_access_key": "9COJvauKC1oj00a+G0quqFlmZd834LN1yZ1yAAsiRHFlcuMjL7Lc1F9PI0CCU+Sp5z9idYtjJhcn+AStEFBY5Q==",
            "secondary_blob_connection_string": "",
            "secondary_blob_endpoint": null,
            "secondary_blob_host": null,
            "secondary_connection_string": "DefaultEndpointsProtocol=https;AccountName=stgsangproductsfanecsr;AccountKey=9COJvauKC1oj00a+G0quqFlmZd834LN1yZ1yAAsiRHFlcuMjL7Lc1F9PI0CCU+Sp5z9idYtjJhcn+AStEFBY5Q==;EndpointSuffix=core.windows.net",
            "secondary_dfs_endpoint": null,
            "secondary_dfs_host": null,
            "secondary_file_endpoint": null,
            "secondary_file_host": null,
            "secondary_location": "",
            "secondary_queue_endpoint": null,
            "secondary_queue_host": null,
            "secondary_table_endpoint": null,
            "secondary_table_host": null,
            "secondary_web_endpoint": null,
            "secondary_web_host": null,
            "share_properties": [
              {
                "cors_rule": [],
                "retention_policy": [
                  {
                    "days": 7
                  }
                ],
                "smb": []
              }
            ],
            "shared_access_key_enabled": true,
            "static_website": [],
            "table_encryption_key_type": "Service",
            "tags": null,
            "timeouts": null
          },
          "sensitive_attributes": [],
          "private": "eyJlMmJmYjczMC1lY2FhLTExZTYtOGY4OC0zNDM2M2JjN2M0YzAiOnsiY3JlYXRlIjozNjAwMDAwMDAwMDAwLCJkZWxldGUiOjM2MDAwMDAwMDAwMDAsInJlYWQiOjMwMDAwMDAwMDAwMCwidXBkYXRlIjozNjAwMDAwMDAwMDAwfSwic2NoZW1hX3ZlcnNpb24iOiIzIn0=",
          "dependencies": [
            "azurerm_resource_group.product_service_rg"
          ]
        }
      ]
    },
    {
      "mode": "managed",
      "type": "azurerm_storage_share",
      "name": "products_service_fa",
      "provider": "provider[\"registry.terraform.io/hashicorp/azurerm\"]",
      "instances": [
        {
          "schema_version": 2,
          "attributes": {
            "acl": [],
            "enabled_protocol": "SMB",
            "id": "https://stgsangproductsfanecsr.file.core.windows.net/fa-products-service-share",
            "metadata": {},
            "name": "fa-products-service-share",
            "quota": 2,
            "resource_manager_id": "/subscriptions/2506bd34-18c8-4cc7-80b8-83a108727ddc/resourceGroups/rg-product-service-sand-ne-001/providers/Microsoft.Storage/storageAccounts/stgsangproductsfanecsr/fileServices/default/fileshares/fa-products-service-share",
            "storage_account_name": "stgsangproductsfanecsr",
            "timeouts": null,
            "url": "https://stgsangproductsfanecsr.file.core.windows.net/fa-products-service-share"
          },
          "sensitive_attributes": [],
          "private": "eyJlMmJmYjczMC1lY2FhLTExZTYtOGY4OC0zNDM2M2JjN2M0YzAiOnsiY3JlYXRlIjoxODAwMDAwMDAwMDAwLCJkZWxldGUiOjE4MDAwMDAwMDAwMDAsInJlYWQiOjMwMDAwMDAwMDAwMCwidXBkYXRlIjoxODAwMDAwMDAwMDAwfSwic2NoZW1hX3ZlcnNpb24iOiIyIn0=",
          "dependencies": [
            "azurerm_resource_group.product_service_rg",
            "azurerm_storage_account.products_service_fa"
          ]
        }
      ]
    }
  ],
  "check_results": null
}
