{
  "version": 4,
  "terraform_version": "1.6.5",
  "serial": 23,
  "lineage": "fe89f9fd-888b-b8a2-984c-26ddc10edb2c",
  "outputs": {},
  "resources": [
    {
      "mode": "managed",
      "type": "azurerm_application_insights",
      "name": "products_service_fa",
      "provider": "provider[\"registry.terraform.io/hashicorp/azurerm\"]",
      "instances": [
        {
          "schema_version": 1,
          "attributes": {
            "app_id": "f1dd4db2-a99a-496b-9a98-c0c35fd81496",
            "application_type": "web",
            "connection_string": "InstrumentationKey=dfeae979-9f79-4b94-8e88-c9bf131ef874;IngestionEndpoint=https://northeurope-4.in.applicationinsights.azure.com/;LiveEndpoint=https://northeurope.livediagnostics.monitor.azure.com/",
            "daily_data_cap_in_gb": 100,
            "daily_data_cap_notifications_disabled": false,
            "disable_ip_masking": false,
            "force_customer_storage_for_profiler": false,
            "id": "/subscriptions/2506bd34-18c8-4cc7-80b8-83a108727ddc/resourceGroups/rg-product-service-sand-ne-001/providers/Microsoft.Insights/components/appins-fa-products-service-sand-ne-csr",
            "instrumentation_key": "dfeae979-9f79-4b94-8e88-c9bf131ef874",
            "internet_ingestion_enabled": true,
            "internet_query_enabled": true,
            "local_authentication_disabled": false,
            "location": "northeurope",
            "name": "appins-fa-products-service-sand-ne-csr",
            "resource_group_name": "rg-product-service-sand-ne-001",
            "retention_in_days": 90,
            "sampling_percentage": 100,
            "tags": {},
            "timeouts": null,
            "workspace_id": null
          },
          "sensitive_attributes": [],
          "private": "eyJlMmJmYjczMC1lY2FhLTExZTYtOGY4OC0zNDM2M2JjN2M0YzAiOnsiY3JlYXRlIjozNjAwMDAwMDAwMDAwLCJkZWxldGUiOjE4MDAwMDAwMDAwMDAsInJlYWQiOjMwMDAwMDAwMDAwMCwidXBkYXRlIjoxODAwMDAwMDAwMDAwfSwic2NoZW1hX3ZlcnNpb24iOiIxIn0=",
          "dependencies": [
            "azurerm_resource_group.product_service_rg"
          ]
        }
      ]
    },
    {
      "mode": "managed",
      "type": "azurerm_cosmosdb_account",
      "name": "test_app",
      "provider": "provider[\"registry.terraform.io/hashicorp/azurerm\"]",
      "instances": [
        {
          "schema_version": 0,
          "attributes": {
            "access_key_metadata_writes_enabled": true,
            "analytical_storage": [
              {
                "schema_type": "WellDefined"
              }
            ],
            "analytical_storage_enabled": false,
            "backup": [
              {
                "interval_in_minutes": 240,
                "retention_in_hours": 8,
                "storage_redundancy": "Geo",
                "type": "Periodic"
              }
            ],
            "capabilities": [
              {
                "name": "EnableServerless"
              }
            ],
            "capacity": [],
            "connection_strings": [
              "AccountEndpoint=https://cos-app-sand-ne-csr-001.documents.azure.com:443/;AccountKey=L0YpPXViAlNbnFP1ZCqQ632l4fL5KLqDOa9bjSYC0QRnXbCkxTmwpcxFdivO9LpJmryUmb9iewrqACDb30uICA==;",
              "AccountEndpoint=https://cos-app-sand-ne-csr-001.documents.azure.com:443/;AccountKey=4OTLGJOwnt1OxBnoDiYkztcCMkWnZO4Uqh8QpQJa7U6XVVEtAoeFtjMwTHkyhm5jfVqFEXey72iTACDbigEBWg==;",
              "AccountEndpoint=https://cos-app-sand-ne-csr-001.documents.azure.com:443/;AccountKey=6HaraaJ6mpzKjogq8LgGlcsAC8ZIp6uc3wbpQt2uOBmslD2hQWuvZurdIqd5jq4FTR0MikCI5H7tACDbJNN5DQ==;",
              "AccountEndpoint=https://cos-app-sand-ne-csr-001.documents.azure.com:443/;AccountKey=5tql942AsDEDYpU90ZFtCb0QmtRX3ktZcJjKAS2DEa2PfCchYJkpeixTKhPbMrA5JItllcDQgR59ACDbtO8i4g==;"
            ],
            "consistency_policy": [
              {
                "consistency_level": "Eventual",
                "max_interval_in_seconds": 5,
                "max_staleness_prefix": 100
              }
            ],
            "cors_rule": [],
            "create_mode": "",
            "default_identity_type": "FirstPartyIdentity",
            "enable_automatic_failover": false,
            "enable_free_tier": false,
            "enable_multiple_write_locations": false,
            "endpoint": "https://cos-app-sand-ne-csr-001.documents.azure.com:443/",
            "geo_location": [
              {
                "failover_priority": 0,
                "id": "cos-app-sand-ne-csr-001-northeurope",
                "location": "northeurope",
                "zone_redundant": false
              }
            ],
            "id": "/subscriptions/2506bd34-18c8-4cc7-80b8-83a108727ddc/resourceGroups/rg-product-service-sand-ne-001/providers/Microsoft.DocumentDB/databaseAccounts/cos-app-sand-ne-csr-001",
            "identity": [],
            "ip_range_filter": "",
            "is_virtual_network_filter_enabled": false,
            "key_vault_key_id": null,
            "kind": "GlobalDocumentDB",
            "local_authentication_disabled": false,
            "location": "northeurope",
            "mongo_server_version": null,
            "name": "cos-app-sand-ne-csr-001",
            "network_acl_bypass_for_azure_services": false,
            "network_acl_bypass_ids": [],
            "offer_type": "Standard",
            "primary_key": "L0YpPXViAlNbnFP1ZCqQ632l4fL5KLqDOa9bjSYC0QRnXbCkxTmwpcxFdivO9LpJmryUmb9iewrqACDb30uICA==",
            "primary_readonly_key": "6HaraaJ6mpzKjogq8LgGlcsAC8ZIp6uc3wbpQt2uOBmslD2hQWuvZurdIqd5jq4FTR0MikCI5H7tACDbJNN5DQ==",
            "public_network_access_enabled": true,
            "read_endpoints": [
              "https://cos-app-sand-ne-csr-001-northeurope.documents.azure.com:443/"
            ],
            "resource_group_name": "rg-product-service-sand-ne-001",
            "restore": [],
            "secondary_key": "4OTLGJOwnt1OxBnoDiYkztcCMkWnZO4Uqh8QpQJa7U6XVVEtAoeFtjMwTHkyhm5jfVqFEXey72iTACDbigEBWg==",
            "secondary_readonly_key": "5tql942AsDEDYpU90ZFtCb0QmtRX3ktZcJjKAS2DEa2PfCchYJkpeixTKhPbMrA5JItllcDQgR59ACDbtO8i4g==",
            "tags": {},
            "timeouts": null,
            "virtual_network_rule": [],
            "write_endpoints": [
              "https://cos-app-sand-ne-csr-001-northeurope.documents.azure.com:443/"
            ]
          },
          "sensitive_attributes": [],
          "private": "eyJlMmJmYjczMC1lY2FhLTExZTYtOGY4OC0zNDM2M2JjN2M0YzAiOnsiY3JlYXRlIjoxMDgwMDAwMDAwMDAwMCwiZGVsZXRlIjoxMDgwMDAwMDAwMDAwMCwicmVhZCI6MzAwMDAwMDAwMDAwLCJ1cGRhdGUiOjEwODAwMDAwMDAwMDAwfX0=",
          "dependencies": [
            "azurerm_resource_group.product_service_rg"
          ]
        }
      ]
    },
    {
      "mode": "managed",
      "type": "azurerm_cosmosdb_sql_container",
      "name": "products",
      "provider": "provider[\"registry.terraform.io/hashicorp/azurerm\"]",
      "instances": [
        {
          "schema_version": 1,
          "attributes": {
            "account_name": "cos-app-sand-ne-csr-001",
            "analytical_storage_ttl": null,
            "autoscale_settings": [],
            "conflict_resolution_policy": [
              {
                "conflict_resolution_path": "/_ts",
                "conflict_resolution_procedure": "",
                "mode": "LastWriterWins"
              }
            ],
            "database_name": "products-db",
            "default_ttl": -1,
            "id": "/subscriptions/2506bd34-18c8-4cc7-80b8-83a108727ddc/resourceGroups/rg-product-service-sand-ne-001/providers/Microsoft.DocumentDB/databaseAccounts/cos-app-sand-ne-csr-001/sqlDatabases/products-db/containers/products",
            "indexing_policy": [
              {
                "composite_index": [],
                "excluded_path": [
                  {
                    "path": "/*"
                  }
                ],
                "included_path": [],
                "indexing_mode": "consistent",
                "spatial_index": []
              }
            ],
            "name": "products",
            "partition_key_path": "/id",
            "partition_key_version": null,
            "resource_group_name": "rg-product-service-sand-ne-001",
            "throughput": null,
            "timeouts": null,
            "unique_key": []
          },
          "sensitive_attributes": [],
          "private": "eyJlMmJmYjczMC1lY2FhLTExZTYtOGY4OC0zNDM2M2JjN2M0YzAiOnsiY3JlYXRlIjoxODAwMDAwMDAwMDAwLCJkZWxldGUiOjE4MDAwMDAwMDAwMDAsInJlYWQiOjMwMDAwMDAwMDAwMCwidXBkYXRlIjoxODAwMDAwMDAwMDAwfSwic2NoZW1hX3ZlcnNpb24iOiIxIn0=",
          "dependencies": [
            "azurerm_cosmosdb_account.test_app",
            "azurerm_cosmosdb_sql_database.products_app",
            "azurerm_resource_group.product_service_rg"
          ]
        }
      ]
    },
    {
      "mode": "managed",
      "type": "azurerm_cosmosdb_sql_container",
      "name": "stocks",
      "provider": "provider[\"registry.terraform.io/hashicorp/azurerm\"]",
      "instances": [
        {
          "schema_version": 1,
          "attributes": {
            "account_name": "cos-app-sand-ne-csr-001",
            "analytical_storage_ttl": null,
            "autoscale_settings": [],
            "conflict_resolution_policy": [
              {
                "conflict_resolution_path": "/_ts",
                "conflict_resolution_procedure": "",
                "mode": "LastWriterWins"
              }
            ],
            "database_name": "products-db",
            "default_ttl": -1,
            "id": "/subscriptions/2506bd34-18c8-4cc7-80b8-83a108727ddc/resourceGroups/rg-product-service-sand-ne-001/providers/Microsoft.DocumentDB/databaseAccounts/cos-app-sand-ne-csr-001/sqlDatabases/products-db/containers/stocks",
            "indexing_policy": [
              {
                "composite_index": [],
                "excluded_path": [
                  {
                    "path": "/*"
                  }
                ],
                "included_path": [],
                "indexing_mode": "consistent",
                "spatial_index": []
              }
            ],
            "name": "stocks",
            "partition_key_path": "/id",
            "partition_key_version": null,
            "resource_group_name": "rg-product-service-sand-ne-001",
            "throughput": null,
            "timeouts": null,
            "unique_key": []
          },
          "sensitive_attributes": [],
          "private": "eyJlMmJmYjczMC1lY2FhLTExZTYtOGY4OC0zNDM2M2JjN2M0YzAiOnsiY3JlYXRlIjoxODAwMDAwMDAwMDAwLCJkZWxldGUiOjE4MDAwMDAwMDAwMDAsInJlYWQiOjMwMDAwMDAwMDAwMCwidXBkYXRlIjoxODAwMDAwMDAwMDAwfSwic2NoZW1hX3ZlcnNpb24iOiIxIn0=",
          "dependencies": [
            "azurerm_cosmosdb_account.test_app",
            "azurerm_cosmosdb_sql_database.products_app",
            "azurerm_resource_group.product_service_rg"
          ]
        }
      ]
    },
    {
      "mode": "managed",
      "type": "azurerm_cosmosdb_sql_database",
      "name": "products_app",
      "provider": "provider[\"registry.terraform.io/hashicorp/azurerm\"]",
      "instances": [
        {
          "schema_version": 1,
          "attributes": {
            "account_name": "cos-app-sand-ne-csr-001",
            "autoscale_settings": [],
            "id": "/subscriptions/2506bd34-18c8-4cc7-80b8-83a108727ddc/resourceGroups/rg-product-service-sand-ne-001/providers/Microsoft.DocumentDB/databaseAccounts/cos-app-sand-ne-csr-001/sqlDatabases/products-db",
            "name": "products-db",
            "resource_group_name": "rg-product-service-sand-ne-001",
            "throughput": null,
            "timeouts": null
          },
          "sensitive_attributes": [],
          "private": "eyJlMmJmYjczMC1lY2FhLTExZTYtOGY4OC0zNDM2M2JjN2M0YzAiOnsiY3JlYXRlIjoxODAwMDAwMDAwMDAwLCJkZWxldGUiOjE4MDAwMDAwMDAwMDAsInJlYWQiOjMwMDAwMDAwMDAwMCwidXBkYXRlIjoxODAwMDAwMDAwMDAwfSwic2NoZW1hX3ZlcnNpb24iOiIxIn0=",
          "dependencies": [
            "azurerm_cosmosdb_account.test_app",
            "azurerm_resource_group.product_service_rg"
          ]
        }
      ]
    },
    {
      "mode": "managed",
      "type": "azurerm_resource_group",
      "name": "product_service_rg",
      "provider": "provider[\"registry.terraform.io/hashicorp/azurerm\"]",
      "instances": [
        {
          "schema_version": 0,
          "attributes": {
            "id": "/subscriptions/2506bd34-18c8-4cc7-80b8-83a108727ddc/resourceGroups/rg-product-service-sand-ne-001",
            "location": "northeurope",
            "name": "rg-product-service-sand-ne-001",
            "tags": {},
            "timeouts": null
          },
          "sensitive_attributes": [],
          "private": "eyJlMmJmYjczMC1lY2FhLTExZTYtOGY4OC0zNDM2M2JjN2M0YzAiOnsiY3JlYXRlIjo1NDAwMDAwMDAwMDAwLCJkZWxldGUiOjU0MDAwMDAwMDAwMDAsInJlYWQiOjMwMDAwMDAwMDAwMCwidXBkYXRlIjo1NDAwMDAwMDAwMDAwfX0="
        }
      ]
    },
    {
      "mode": "managed",
      "type": "azurerm_service_plan",
      "name": "product_service_plan",
      "provider": "provider[\"registry.terraform.io/hashicorp/azurerm\"]",
      "instances": [
        {
          "schema_version": 0,
          "attributes": {
            "app_service_environment_id": "",
            "id": "/subscriptions/2506bd34-18c8-4cc7-80b8-83a108727ddc/resourceGroups/rg-product-service-sand-ne-001/providers/Microsoft.Web/serverfarms/asp-product-service-sand-ne-csr",
            "kind": "functionapp",
            "location": "northeurope",
            "maximum_elastic_worker_count": 1,
            "name": "asp-product-service-sand-ne-csr",
            "os_type": "Windows",
            "per_site_scaling_enabled": false,
            "reserved": false,
            "resource_group_name": "rg-product-service-sand-ne-001",
            "sku_name": "Y1",
            "tags": {},
            "timeouts": null,
            "worker_count": 0
          },
          "sensitive_attributes": [],
          "private": "eyJlMmJmYjczMC1lY2FhLTExZTYtOGY4OC0zNDM2M2JjN2M0YzAiOnsiY3JlYXRlIjozNjAwMDAwMDAwMDAwLCJkZWxldGUiOjM2MDAwMDAwMDAwMDAsInJlYWQiOjMwMDAwMDAwMDAwMCwidXBkYXRlIjozNjAwMDAwMDAwMDAwfX0=",
          "dependencies": [
            "azurerm_resource_group.product_service_rg"
          ]
        }
      ]
    },
    {
      "mode": "managed",
      "type": "azurerm_servicebus_namespace",
      "name": "sb",
      "provider": "provider[\"registry.terraform.io/hashicorp/azurerm\"]",
      "instances": [
        {
          "schema_version": 1,
          "attributes": {
            "capacity": 0,
            "default_primary_connection_string": "Endpoint=sb://my-new-servicebus.servicebus.windows.net/;SharedAccessKeyName=RootManageSharedAccessKey;SharedAccessKey=AWSOE5+ljCgzRKCOsD7VIhGZFEV6cPdU0+ASbFMsIYA=",
            "default_primary_key": "AWSOE5+ljCgzRKCOsD7VIhGZFEV6cPdU0+ASbFMsIYA=",
            "default_secondary_connection_string": "Endpoint=sb://my-new-servicebus.servicebus.windows.net/;SharedAccessKeyName=RootManageSharedAccessKey;SharedAccessKey=jSEWgE10XgY8aN0JRhGoHDae7szMzT9ZO+ASbK2jPuI=",
            "default_secondary_key": "jSEWgE10XgY8aN0JRhGoHDae7szMzT9ZO+ASbK2jPuI=",
            "id": "/subscriptions/2506bd34-18c8-4cc7-80b8-83a108727ddc/resourceGroups/rg-product-service-sand-ne-001/providers/Microsoft.ServiceBus/namespaces/my-new-servicebus",
            "identity": [],
            "location": "northeurope",
            "name": "my-new-servicebus",
            "resource_group_name": "rg-product-service-sand-ne-001",
            "sku": "Basic",
            "tags": null,
            "timeouts": null,
            "zone_redundant": false
          },
          "sensitive_attributes": [],
          "private": "eyJlMmJmYjczMC1lY2FhLTExZTYtOGY4OC0zNDM2M2JjN2M0YzAiOnsiY3JlYXRlIjoxODAwMDAwMDAwMDAwLCJkZWxldGUiOjE4MDAwMDAwMDAwMDAsInJlYWQiOjMwMDAwMDAwMDAwMCwidXBkYXRlIjoxODAwMDAwMDAwMDAwfSwic2NoZW1hX3ZlcnNpb24iOiIxIn0=",
          "dependencies": [
            "azurerm_resource_group.product_service_rg"
          ]
        }
      ]
    },
    {
      "mode": "managed",
      "type": "azurerm_servicebus_queue",
      "name": "example",
      "provider": "provider[\"registry.terraform.io/hashicorp/azurerm\"]",
      "instances": [
        {
          "schema_version": 0,
          "attributes": {
            "auto_delete_on_idle": "P10675199DT2H48M5.4775807S",
            "dead_lettering_on_message_expiration": false,
            "default_message_ttl": "P14D",
            "duplicate_detection_history_time_window": "PT10M",
            "enable_batched_operations": true,
            "enable_express": false,
            "enable_partitioning": true,
            "forward_dead_lettered_messages_to": "",
            "forward_to": "",
            "id": "/subscriptions/2506bd34-18c8-4cc7-80b8-83a108727ddc/resourceGroups/rg-product-service-sand-ne-001/providers/Microsoft.ServiceBus/namespaces/my-new-servicebus/queues/my_new_servicebus_queue",
            "lock_duration": "PT1M",
            "max_delivery_count": 10,
            "max_message_size_in_kilobytes": 256,
            "max_size_in_megabytes": 1024,
            "name": "my_new_servicebus_queue",
            "namespace_id": "/subscriptions/2506bd34-18c8-4cc7-80b8-83a108727ddc/resourceGroups/rg-product-service-sand-ne-001/providers/Microsoft.ServiceBus/namespaces/my-new-servicebus",
            "requires_duplicate_detection": false,
            "requires_session": false,
            "status": "Active",
            "timeouts": null
          },
          "sensitive_attributes": [],
          "private": "eyJlMmJmYjczMC1lY2FhLTExZTYtOGY4OC0zNDM2M2JjN2M0YzAiOnsiY3JlYXRlIjoxODAwMDAwMDAwMDAwLCJkZWxldGUiOjE4MDAwMDAwMDAwMDAsInJlYWQiOjMwMDAwMDAwMDAwMCwidXBkYXRlIjoxODAwMDAwMDAwMDAwfX0=",
          "dependencies": [
            "azurerm_resource_group.product_service_rg",
            "azurerm_servicebus_namespace.sb"
          ]
        }
      ]
    },
    {
      "mode": "managed",
      "type": "azurerm_storage_account",
      "name": "products_service_fa",
      "provider": "provider[\"registry.terraform.io/hashicorp/azurerm\"]",
      "instances": [
        {
          "schema_version": 3,
          "attributes": {
            "access_tier": "Hot",
            "account_kind": "StorageV2",
            "account_replication_type": "LRS",
            "account_tier": "Standard",
            "allow_nested_items_to_be_public": true,
            "azure_files_authentication": [],
            "blob_properties": [
              {
                "change_feed_enabled": false,
                "container_delete_retention_policy": [],
                "cors_rule": [],
                "default_service_version": "",
                "delete_retention_policy": [],
                "last_access_time_enabled": false,
                "versioning_enabled": false
              }
            ],
            "custom_domain": [],
            "customer_managed_key": [],
            "edge_zone": "",
            "enable_https_traffic_only": true,
            "id": "/subscriptions/2506bd34-18c8-4cc7-80b8-83a108727ddc/resourceGroups/rg-product-service-sand-ne-001/providers/Microsoft.Storage/storageAccounts/stgsangproductsfanecsr",
            "identity": [],
            "infrastructure_encryption_enabled": false,
            "is_hns_enabled": false,
            "large_file_share_enabled": null,
            "location": "northeurope",
            "min_tls_version": "TLS1_2",
            "name": "stgsangproductsfanecsr",
            "network_rules": [
              {
                "bypass": [
                  "AzureServices"
                ],
                "default_action": "Allow",
                "ip_rules": [],
                "private_link_access": [],
                "virtual_network_subnet_ids": []
              }
            ],
            "nfsv3_enabled": false,
            "primary_access_key": "+T1ZwmoF9os4/rRb1G2G/R83EjsIKeuw1bTsfkEmlPZg8r12cxVY20hcQrNI0mrBHAQW2612H3Zc+AStRtu7fQ==",
            "primary_blob_connection_string": "DefaultEndpointsProtocol=https;BlobEndpoint=https://stgsangproductsfanecsr.blob.core.windows.net/;AccountName=stgsangproductsfanecsr;AccountKey=+T1ZwmoF9os4/rRb1G2G/R83EjsIKeuw1bTsfkEmlPZg8r12cxVY20hcQrNI0mrBHAQW2612H3Zc+AStRtu7fQ==",
            "primary_blob_endpoint": "https://stgsangproductsfanecsr.blob.core.windows.net/",
            "primary_blob_host": "stgsangproductsfanecsr.blob.core.windows.net",
            "primary_connection_string": "DefaultEndpointsProtocol=https;AccountName=stgsangproductsfanecsr;AccountKey=+T1ZwmoF9os4/rRb1G2G/R83EjsIKeuw1bTsfkEmlPZg8r12cxVY20hcQrNI0mrBHAQW2612H3Zc+AStRtu7fQ==;EndpointSuffix=core.windows.net",
            "primary_dfs_endpoint": "https://stgsangproductsfanecsr.dfs.core.windows.net/",
            "primary_dfs_host": "stgsangproductsfanecsr.dfs.core.windows.net",
            "primary_file_endpoint": "https://stgsangproductsfanecsr.file.core.windows.net/",
            "primary_file_host": "stgsangproductsfanecsr.file.core.windows.net",
            "primary_location": "northeurope",
            "primary_queue_endpoint": "https://stgsangproductsfanecsr.queue.core.windows.net/",
            "primary_queue_host": "stgsangproductsfanecsr.queue.core.windows.net",
            "primary_table_endpoint": "https://stgsangproductsfanecsr.table.core.windows.net/",
            "primary_table_host": "stgsangproductsfanecsr.table.core.windows.net",
            "primary_web_endpoint": "https://stgsangproductsfanecsr.z16.web.core.windows.net/",
            "primary_web_host": "stgsangproductsfanecsr.z16.web.core.windows.net",
            "queue_encryption_key_type": "Service",
            "queue_properties": [
              {
                "cors_rule": [],
                "hour_metrics": [
                  {
                    "enabled": true,
                    "include_apis": true,
                    "retention_policy_days": 7,
                    "version": "1.0"
                  }
                ],
                "logging": [
                  {
                    "delete": false,
                    "read": false,
                    "retention_policy_days": 0,
                    "version": "1.0",
                    "write": false
                  }
                ],
                "minute_metrics": [
                  {
                    "enabled": false,
                    "include_apis": false,
                    "retention_policy_days": 0,
                    "version": "1.0"
                  }
                ]
              }
            ],
            "resource_group_name": "rg-product-service-sand-ne-001",
            "routing": [],
            "secondary_access_key": "g+IDrbzVKFstQzE+lbIBF82Urq5FDszC6D0VhM5kFDcudNINsfgAcrgdFjplX/oI/QGGEYZJfzMo+AStd1Rwbg==",
            "secondary_blob_connection_string": "",
            "secondary_blob_endpoint": null,
            "secondary_blob_host": null,
            "secondary_connection_string": "DefaultEndpointsProtocol=https;AccountName=stgsangproductsfanecsr;AccountKey=g+IDrbzVKFstQzE+lbIBF82Urq5FDszC6D0VhM5kFDcudNINsfgAcrgdFjplX/oI/QGGEYZJfzMo+AStd1Rwbg==;EndpointSuffix=core.windows.net",
            "secondary_dfs_endpoint": null,
            "secondary_dfs_host": null,
            "secondary_file_endpoint": null,
            "secondary_file_host": null,
            "secondary_location": "",
            "secondary_queue_endpoint": null,
            "secondary_queue_host": null,
            "secondary_table_endpoint": null,
            "secondary_table_host": null,
            "secondary_web_endpoint": null,
            "secondary_web_host": null,
            "share_properties": [
              {
                "cors_rule": [],
                "retention_policy": [
                  {
                    "days": 7
                  }
                ],
                "smb": []
              }
            ],
            "shared_access_key_enabled": true,
            "static_website": [
              {
                "error_404_document": "",
                "index_document": "index.html"
              }
            ],
            "table_encryption_key_type": "Service",
            "tags": {},
            "timeouts": null
          },
          "sensitive_attributes": [],
          "private": "eyJlMmJmYjczMC1lY2FhLTExZTYtOGY4OC0zNDM2M2JjN2M0YzAiOnsiY3JlYXRlIjozNjAwMDAwMDAwMDAwLCJkZWxldGUiOjM2MDAwMDAwMDAwMDAsInJlYWQiOjMwMDAwMDAwMDAwMCwidXBkYXRlIjozNjAwMDAwMDAwMDAwfSwic2NoZW1hX3ZlcnNpb24iOiIzIn0=",
          "dependencies": [
            "azurerm_resource_group.product_service_rg"
          ]
        }
      ]
    },
    {
      "mode": "managed",
      "type": "azurerm_storage_share",
      "name": "products_service_fa",
      "provider": "provider[\"registry.terraform.io/hashicorp/azurerm\"]",
      "instances": [
        {
          "schema_version": 2,
          "attributes": {
            "acl": [],
            "enabled_protocol": "SMB",
            "id": "https://stgsangproductsfanecsr.file.core.windows.net/fa-products-service-share",
            "metadata": {},
            "name": "fa-products-service-share",
            "quota": 2,
            "resource_manager_id": "/subscriptions/2506bd34-18c8-4cc7-80b8-83a108727ddc/resourceGroups/rg-product-service-sand-ne-001/providers/Microsoft.Storage/storageAccounts/stgsangproductsfanecsr/fileServices/default/fileshares/fa-products-service-share",
            "storage_account_name": "stgsangproductsfanecsr",
            "timeouts": null,
            "url": "https://stgsangproductsfanecsr.file.core.windows.net/fa-products-service-share"
          },
          "sensitive_attributes": [],
          "private": "eyJlMmJmYjczMC1lY2FhLTExZTYtOGY4OC0zNDM2M2JjN2M0YzAiOnsiY3JlYXRlIjoxODAwMDAwMDAwMDAwLCJkZWxldGUiOjE4MDAwMDAwMDAwMDAsInJlYWQiOjMwMDAwMDAwMDAwMCwidXBkYXRlIjoxODAwMDAwMDAwMDAwfSwic2NoZW1hX3ZlcnNpb24iOiIyIn0=",
          "dependencies": [
            "azurerm_resource_group.product_service_rg",
            "azurerm_storage_account.products_service_fa"
          ]
        }
      ]
    },
    {
      "mode": "managed",
      "type": "azurerm_windows_function_app",
      "name": "products_service",
      "provider": "provider[\"registry.terraform.io/hashicorp/azurerm\"]",
      "instances": [
        {
          "schema_version": 0,
          "attributes": {
            "app_settings": {
              "COSMOS_ENDPOINT": "https://cos-app-sand-ne-csr-001.documents.azure.com:443/",
              "COSMOS_KEY": "L0YpPXViAlNbnFP1ZCqQ632l4fL5KLqDOa9bjSYC0QRnXbCkxTmwpcxFdivO9LpJmryUmb9iewrqACDb30uICA==",
              "WEBSITE_CONTENTAZUREFILECONNECTIONSTRING": "DefaultEndpointsProtocol=https;AccountName=stgsangproductsfanecsr;AccountKey=+T1ZwmoF9os4/rRb1G2G/R83EjsIKeuw1bTsfkEmlPZg8r12cxVY20hcQrNI0mrBHAQW2612H3Zc+AStRtu7fQ==;EndpointSuffix=core.windows.net",
              "WEBSITE_CONTENTSHARE": "fa-products-service-share",
              "WEBSITE_RUN_FROM_PACKAGE": "1"
            },
            "auth_settings": [
              {
                "active_directory": [],
                "additional_login_parameters": {},
                "allowed_external_redirect_urls": [],
                "default_provider": "",
                "enabled": false,
                "facebook": [],
                "github": [],
                "google": [],
                "issuer": "",
                "microsoft": [],
                "runtime_version": "",
                "token_refresh_extension_hours": 0,
                "token_store_enabled": false,
                "twitter": [],
                "unauthenticated_client_action": ""
              }
            ],
            "backup": [],
            "builtin_logging_enabled": false,
            "client_certificate_enabled": false,
            "client_certificate_mode": "Optional",
            "connection_string": [],
            "content_share_force_disabled": false,
            "custom_domain_verification_id": "",
            "daily_memory_time_quota": 0,
            "default_hostname": "",
            "enabled": true,
            "functions_extension_version": "~4",
            "https_only": false,
            "id": "/subscriptions/2506bd34-18c8-4cc7-80b8-83a108727ddc/resourceGroups/rg-product-service-sand-ne-001/providers/Microsoft.Web/sites/fa-products-service-ne-csr-001",
            "identity": [],
            "key_vault_reference_identity_id": "SystemAssigned",
            "kind": "functionapp",
            "location": "northeurope",
            "name": "fa-products-service-ne-csr-001",
            "outbound_ip_address_list": [],
            "outbound_ip_addresses": "",
            "possible_outbound_ip_address_list": [],
            "possible_outbound_ip_addresses": "",
            "resource_group_name": "rg-product-service-sand-ne-001",
            "service_plan_id": "/subscriptions/2506bd34-18c8-4cc7-80b8-83a108727ddc/resourceGroups/rg-product-service-sand-ne-001/providers/Microsoft.Web/serverfarms/asp-product-service-sand-ne-csr",
            "site_config": [
              {
                "always_on": false,
                "api_definition_url": "",
                "api_management_api_id": "",
                "app_command_line": "",
                "app_scale_limit": 200,
                "app_service_logs": [],
                "application_insights_connection_string": "InstrumentationKey=dfeae979-9f79-4b94-8e88-c9bf131ef874;IngestionEndpoint=https://northeurope-4.in.applicationinsights.azure.com/;LiveEndpoint=https://northeurope.livediagnostics.monitor.azure.com/",
                "application_insights_key": "dfeae979-9f79-4b94-8e88-c9bf131ef874",
                "application_stack": [
                  {
                    "dotnet_version": "",
                    "java_version": "",
                    "node_version": "~16",
                    "powershell_core_version": "",
                    "use_custom_runtime": false,
                    "use_dotnet_isolated_runtime": false
                  }
                ],
                "cors": [
                  {
                    "allowed_origins": [
                      "https://portal.azure.com",
                      "https://stgsangproductsfanecsr.z16.web.core.windows.net"
                    ],
                    "support_credentials": false
                  }
                ],
                "default_documents": [
                  "Default.htm",
                  "Default.html",
                  "Default.asp",
                  "index.htm",
                  "index.html",
                  "iisstart.htm",
                  "default.aspx",
                  "index.php"
                ],
                "detailed_error_logging_enabled": false,
                "elastic_instance_minimum": 0,
                "ftps_state": "Disabled",
                "health_check_eviction_time_in_min": 0,
                "health_check_path": "",
                "http2_enabled": false,
                "ip_restriction": [],
                "load_balancing_mode": "LeastRequests",
                "managed_pipeline_mode": "Integrated",
                "minimum_tls_version": "1.2",
                "pre_warmed_instance_count": 0,
                "remote_debugging_enabled": false,
                "remote_debugging_version": "",
                "runtime_scale_monitoring_enabled": false,
                "scm_ip_restriction": [],
                "scm_minimum_tls_version": "1.2",
                "scm_type": "None",
                "scm_use_main_ip_restriction": false,
                "use_32_bit_worker": true,
                "vnet_route_all_enabled": false,
                "websockets_enabled": false,
                "windows_fx_version": "Node|~16",
                "worker_count": 1
              }
            ],
            "site_credential": [
              {
                "name": "$fa-products-service-ne-csr-001",
                "password": "TGqg3aFjnMB3ZzEHgZL5CfnpkbTbMQ0Rg8mgP7MG9qnTfvPfsSfPtznhu3pS"
              }
            ],
            "storage_account_access_key": "+T1ZwmoF9os4/rRb1G2G/R83EjsIKeuw1bTsfkEmlPZg8r12cxVY20hcQrNI0mrBHAQW2612H3Zc+AStRtu7fQ==",
            "storage_account_name": "stgsangproductsfanecsr",
            "storage_key_vault_secret_id": "",
            "storage_uses_managed_identity": false,
            "tags": {
              "hidden-link: /app-insights-conn-string": "InstrumentationKey=dfeae979-9f79-4b94-8e88-c9bf131ef874;IngestionEndpoint=https://northeurope-4.in.applicationinsights.azure.com/;LiveEndpoint=https://northeurope.livediagnostics.monitor.azure.com/",
              "hidden-link: /app-insights-instrumentation-key": "dfeae979-9f79-4b94-8e88-c9bf131ef874",
              "hidden-link: /app-insights-resource-id": "/subscriptions/2506bd34-18c8-4cc7-80b8-83a108727ddc/resourceGroups/rg-product-service-sand-ne-001/providers/microsoft.insights/components/appins-fa-products-service-sand-ne-csr"
            },
            "timeouts": null
          },
          "sensitive_attributes": [
            [
              {
                "type": "get_attr",
                "value": "storage_account_access_key"
              }
            ],
            [
              {
                "type": "get_attr",
                "value": "site_config"
              },
              {
                "type": "index",
                "value": {
                  "value": 0,
                  "type": "number"
                }
              },
              {
                "type": "get_attr",
                "value": "application_insights_connection_string"
              }
            ],
            [
              {
                "type": "get_attr",
                "value": "site_config"
              },
              {
                "type": "index",
                "value": {
                  "value": 0,
                  "type": "number"
                }
              },
              {
                "type": "get_attr",
                "value": "application_insights_key"
              }
            ],
            [
              {
                "type": "get_attr",
                "value": "app_settings"
              },
              {
                "type": "index",
                "value": {
                  "value": "WEBSITE_CONTENTAZUREFILECONNECTIONSTRING",
                  "type": "string"
                }
              }
            ]
          ],
          "private": "eyJlMmJmYjczMC1lY2FhLTExZTYtOGY4OC0zNDM2M2JjN2M0YzAiOnsiY3JlYXRlIjoxODAwMDAwMDAwMDAwLCJkZWxldGUiOjE4MDAwMDAwMDAwMDAsInJlYWQiOjMwMDAwMDAwMDAwMCwidXBkYXRlIjoxODAwMDAwMDAwMDAwfX0=",
          "dependencies": [
            "azurerm_application_insights.products_service_fa",
            "azurerm_resource_group.product_service_rg",
            "azurerm_service_plan.product_service_plan",
            "azurerm_storage_account.products_service_fa",
            "azurerm_storage_share.products_service_fa"
          ]
        }
      ]
    }
  ],
  "check_results": null
}
